// !$*UTF8*$!
{
	archiveVersion = 1;
	classes = {
	};
	objectVersion = 46;
	objects = {

/* Begin PBXBuildFile section */
		574F237A177788400004F075 /* Cocoa.framework in Frameworks */ = {isa = PBXBuildFile; fileRef = 574F2379177788400004F075 /* Cocoa.framework */; };
		574F2384177788400004F075 /* InfoPlist.strings in Resources */ = {isa = PBXBuildFile; fileRef = 574F2382177788400004F075 /* InfoPlist.strings */; };
		574F2386177788400004F075 /* main.m in Sources */ = {isa = PBXBuildFile; fileRef = 574F2385177788400004F075 /* main.m */; };
		574F238A177788400004F075 /* Credits.rtf in Resources */ = {isa = PBXBuildFile; fileRef = 574F2388177788400004F075 /* Credits.rtf */; };
		574F238D177788400004F075 /* PLAppDelegate.m in Sources */ = {isa = PBXBuildFile; fileRef = 574F238C177788400004F075 /* PLAppDelegate.m */; };
		574F2390177788400004F075 /* MainMenu.xib in Resources */ = {isa = PBXBuildFile; fileRef = 574F238E177788400004F075 /* MainMenu.xib */; };
		574F2398177788400004F075 /* SenTestingKit.framework in Frameworks */ = {isa = PBXBuildFile; fileRef = 574F2397177788400004F075 /* SenTestingKit.framework */; };
		574F2399177788400004F075 /* Cocoa.framework in Frameworks */ = {isa = PBXBuildFile; fileRef = 574F2379177788400004F075 /* Cocoa.framework */; };
		574F23A1177788400004F075 /* InfoPlist.strings in Resources */ = {isa = PBXBuildFile; fileRef = 574F239F177788400004F075 /* InfoPlist.strings */; };
		574F23A4177788400004F075 /* Polaris2Tests.m in Sources */ = {isa = PBXBuildFile; fileRef = 574F23A3177788400004F075 /* Polaris2Tests.m */; };
		574F23B3177799B70004F075 /* Accelerate.framework in Frameworks */ = {isa = PBXBuildFile; fileRef = 574F23B2177799B70004F075 /* Accelerate.framework */; };
		574F23BD1777A5BC0004F075 /* PLSphere.m in Sources */ = {isa = PBXBuildFile; fileRef = 574F23BC1777A5BC0004F075 /* PLSphere.m */; };
		574F23C01777A93D0004F075 /* PLVector.m in Sources */ = {isa = PBXBuildFile; fileRef = 574F23BF1777A93D0004F075 /* PLVector.m */; };
		574F23C31777AF5B0004F075 /* PLRay.m in Sources */ = {isa = PBXBuildFile; fileRef = 574F23C21777AF5B0004F075 /* PLRay.m */; };
		574F23C717784C240004F075 /* PLScene.m in Sources */ = {isa = PBXBuildFile; fileRef = 574F23C617784C240004F075 /* PLScene.m */; };
		574F23CE17784D8B0004F075 /* PLHit.m in Sources */ = {isa = PBXBuildFile; fileRef = 574F23CD17784D8B0004F075 /* PLHit.m */; };
		574F23D1177859FB0004F075 /* PLCamera.m in Sources */ = {isa = PBXBuildFile; fileRef = 574F23D0177859FB0004F075 /* PLCamera.m */; };
/* End PBXBuildFile section */

/* Begin PBXContainerItemProxy section */
		574F239A177788400004F075 /* PBXContainerItemProxy */ = {
			isa = PBXContainerItemProxy;
			containerPortal = 574F236E177788400004F075 /* Project object */;
			proxyType = 1;
			remoteGlobalIDString = 574F2375177788400004F075;
			remoteInfo = Polaris2;
		};
/* End PBXContainerItemProxy section */

/* Begin PBXFileReference section */
		574F2376177788400004F075 /* Polaris2.app */ = {isa = PBXFileReference; explicitFileType = wrapper.application; includeInIndex = 0; path = Polaris2.app; sourceTree = BUILT_PRODUCTS_DIR; };
		574F2379177788400004F075 /* Cocoa.framework */ = {isa = PBXFileReference; lastKnownFileType = wrapper.framework; name = Cocoa.framework; path = System/Library/Frameworks/Cocoa.framework; sourceTree = SDKROOT; };
		574F237C177788400004F075 /* AppKit.framework */ = {isa = PBXFileReference; lastKnownFileType = wrapper.framework; name = AppKit.framework; path = System/Library/Frameworks/AppKit.framework; sourceTree = SDKROOT; };
		574F237D177788400004F075 /* CoreData.framework */ = {isa = PBXFileReference; lastKnownFileType = wrapper.framework; name = CoreData.framework; path = System/Library/Frameworks/CoreData.framework; sourceTree = SDKROOT; };
		574F237E177788400004F075 /* Foundation.framework */ = {isa = PBXFileReference; lastKnownFileType = wrapper.framework; name = Foundation.framework; path = System/Library/Frameworks/Foundation.framework; sourceTree = SDKROOT; };
		574F2381177788400004F075 /* Polaris2-Info.plist */ = {isa = PBXFileReference; lastKnownFileType = text.plist.xml; path = "Polaris2-Info.plist"; sourceTree = "<group>"; };
		574F2383177788400004F075 /* en */ = {isa = PBXFileReference; lastKnownFileType = text.plist.strings; name = en; path = en.lproj/InfoPlist.strings; sourceTree = "<group>"; };
		574F2385177788400004F075 /* main.m */ = {isa = PBXFileReference; lastKnownFileType = sourcecode.c.objc; path = main.m; sourceTree = "<group>"; };
		574F2387177788400004F075 /* Polaris2-Prefix.pch */ = {isa = PBXFileReference; lastKnownFileType = sourcecode.c.h; path = "Polaris2-Prefix.pch"; sourceTree = "<group>"; };
		574F2389177788400004F075 /* en */ = {isa = PBXFileReference; lastKnownFileType = text.rtf; name = en; path = en.lproj/Credits.rtf; sourceTree = "<group>"; };
		574F238B177788400004F075 /* PLAppDelegate.h */ = {isa = PBXFileReference; lastKnownFileType = sourcecode.c.h; path = PLAppDelegate.h; sourceTree = "<group>"; };
		574F238C177788400004F075 /* PLAppDelegate.m */ = {isa = PBXFileReference; lastKnownFileType = sourcecode.c.objc; path = PLAppDelegate.m; sourceTree = "<group>"; };
		574F238F177788400004F075 /* en */ = {isa = PBXFileReference; lastKnownFileType = file.xib; name = en; path = en.lproj/MainMenu.xib; sourceTree = "<group>"; };
		574F2396177788400004F075 /* Polaris2Tests.octest */ = {isa = PBXFileReference; explicitFileType = wrapper.cfbundle; includeInIndex = 0; path = Polaris2Tests.octest; sourceTree = BUILT_PRODUCTS_DIR; };
		574F2397177788400004F075 /* SenTestingKit.framework */ = {isa = PBXFileReference; lastKnownFileType = wrapper.framework; name = SenTestingKit.framework; path = Library/Frameworks/SenTestingKit.framework; sourceTree = DEVELOPER_DIR; };
		574F239E177788400004F075 /* Polaris2Tests-Info.plist */ = {isa = PBXFileReference; lastKnownFileType = text.plist.xml; path = "Polaris2Tests-Info.plist"; sourceTree = "<group>"; };
		574F23A0177788400004F075 /* en */ = {isa = PBXFileReference; lastKnownFileType = text.plist.strings; name = en; path = en.lproj/InfoPlist.strings; sourceTree = "<group>"; };
		574F23A2177788400004F075 /* Polaris2Tests.h */ = {isa = PBXFileReference; lastKnownFileType = sourcecode.c.h; path = Polaris2Tests.h; sourceTree = "<group>"; };
		574F23A3177788400004F075 /* Polaris2Tests.m */ = {isa = PBXFileReference; lastKnownFileType = sourcecode.c.objc; path = Polaris2Tests.m; sourceTree = "<group>"; };
		574F23B2177799B70004F075 /* Accelerate.framework */ = {isa = PBXFileReference; lastKnownFileType = wrapper.framework; name = Accelerate.framework; path = System/Library/Frameworks/Accelerate.framework; sourceTree = SDKROOT; };
		574F23BB1777A5BC0004F075 /* PLSphere.h */ = {isa = PBXFileReference; fileEncoding = 4; lastKnownFileType = sourcecode.c.h; path = PLSphere.h; sourceTree = "<group>"; };
		574F23BC1777A5BC0004F075 /* PLSphere.m */ = {isa = PBXFileReference; fileEncoding = 4; lastKnownFileType = sourcecode.c.objc; path = PLSphere.m; sourceTree = "<group>"; };
		574F23BE1777A93D0004F075 /* PLVector.h */ = {isa = PBXFileReference; fileEncoding = 4; lastKnownFileType = sourcecode.c.h; path = PLVector.h; sourceTree = "<group>"; };
		574F23BF1777A93D0004F075 /* PLVector.m */ = {isa = PBXFileReference; fileEncoding = 4; lastKnownFileType = sourcecode.c.objc; path = PLVector.m; sourceTree = "<group>"; };
		574F23C11777AF5B0004F075 /* PLRay.h */ = {isa = PBXFileReference; fileEncoding = 4; lastKnownFileType = sourcecode.c.h; path = PLRay.h; sourceTree = "<group>"; };
		574F23C21777AF5B0004F075 /* PLRay.m */ = {isa = PBXFileReference; fileEncoding = 4; lastKnownFileType = sourcecode.c.objc; path = PLRay.m; sourceTree = "<group>"; };
		574F23C517784C240004F075 /* PLScene.h */ = {isa = PBXFileReference; fileEncoding = 4; lastKnownFileType = sourcecode.c.h; path = PLScene.h; sourceTree = "<group>"; };
		574F23C617784C240004F075 /* PLScene.m */ = {isa = PBXFileReference; fileEncoding = 4; lastKnownFileType = sourcecode.c.objc; path = PLScene.m; sourceTree = "<group>"; };
		574F23CB17784D110004F075 /* PLGeometry.h */ = {isa = PBXFileReference; lastKnownFileType = sourcecode.c.h; path = PLGeometry.h; sourceTree = "<group>"; };
		574F23CC17784D8B0004F075 /* PLHit.h */ = {isa = PBXFileReference; fileEncoding = 4; lastKnownFileType = sourcecode.c.h; path = PLHit.h; sourceTree = "<group>"; };
		574F23CD17784D8B0004F075 /* PLHit.m */ = {isa = PBXFileReference; fileEncoding = 4; lastKnownFileType = sourcecode.c.objc; path = PLHit.m; sourceTree = "<group>"; };
		574F23CF177859FB0004F075 /* PLCamera.h */ = {isa = PBXFileReference; fileEncoding = 4; lastKnownFileType = sourcecode.c.h; path = PLCamera.h; sourceTree = "<group>"; };
		574F23D0177859FB0004F075 /* PLCamera.m */ = {isa = PBXFileReference; fileEncoding = 4; lastKnownFileType = sourcecode.c.objc; path = PLCamera.m; sourceTree = "<group>"; };
/* End PBXFileReference section */

/* Begin PBXFrameworksBuildPhase section */
		574F2373177788400004F075 /* Frameworks */ = {
			isa = PBXFrameworksBuildPhase;
			buildActionMask = 2147483647;
			files = (
				574F23B3177799B70004F075 /* Accelerate.framework in Frameworks */,
				574F237A177788400004F075 /* Cocoa.framework in Frameworks */,
			);
			runOnlyForDeploymentPostprocessing = 0;
		};
		574F2392177788400004F075 /* Frameworks */ = {
			isa = PBXFrameworksBuildPhase;
			buildActionMask = 2147483647;
			files = (
				574F2398177788400004F075 /* SenTestingKit.framework in Frameworks */,
				574F2399177788400004F075 /* Cocoa.framework in Frameworks */,
			);
			runOnlyForDeploymentPostprocessing = 0;
		};
/* End PBXFrameworksBuildPhase section */

/* Begin PBXGroup section */
		574F236D177788400004F075 = {
			isa = PBXGroup;
			children = (
				574F237F177788400004F075 /* Polaris2 */,
				574F239C177788400004F075 /* Polaris2Tests */,
				574F2378177788400004F075 /* Frameworks */,
				574F2377177788400004F075 /* Products */,
			);
			sourceTree = "<group>";
		};
		574F2377177788400004F075 /* Products */ = {
			isa = PBXGroup;
			children = (
				574F2376177788400004F075 /* Polaris2.app */,
				574F2396177788400004F075 /* Polaris2Tests.octest */,
			);
			name = Products;
			sourceTree = "<group>";
		};
		574F2378177788400004F075 /* Frameworks */ = {
			isa = PBXGroup;
			children = (
				574F23B2177799B70004F075 /* Accelerate.framework */,
				574F2379177788400004F075 /* Cocoa.framework */,
				574F2397177788400004F075 /* SenTestingKit.framework */,
				574F237B177788400004F075 /* Other Frameworks */,
			);
			name = Frameworks;
			sourceTree = "<group>";
		};
		574F237B177788400004F075 /* Other Frameworks */ = {
			isa = PBXGroup;
			children = (
				574F237C177788400004F075 /* AppKit.framework */,
				574F237D177788400004F075 /* CoreData.framework */,
				574F237E177788400004F075 /* Foundation.framework */,
			);
			name = "Other Frameworks";
			sourceTree = "<group>";
		};
		574F237F177788400004F075 /* Polaris2 */ = {
			isa = PBXGroup;
			children = (
				574F23BA1777A5AA0004F075 /* Scene */,
				574F23B417779B820004F075 /* Data */,
				574F238B177788400004F075 /* PLAppDelegate.h */,
				574F238C177788400004F075 /* PLAppDelegate.m */,
				574F238E177788400004F075 /* MainMenu.xib */,
				574F2380177788400004F075 /* Supporting Files */,
			);
			path = Polaris2;
			sourceTree = "<group>";
		};
		574F2380177788400004F075 /* Supporting Files */ = {
			isa = PBXGroup;
			children = (
				574F2381177788400004F075 /* Polaris2-Info.plist */,
				574F2382177788400004F075 /* InfoPlist.strings */,
				574F2385177788400004F075 /* main.m */,
				574F2387177788400004F075 /* Polaris2-Prefix.pch */,
				574F2388177788400004F075 /* Credits.rtf */,
			);
			name = "Supporting Files";
			sourceTree = "<group>";
		};
		574F239C177788400004F075 /* Polaris2Tests */ = {
			isa = PBXGroup;
			children = (
				574F23A2177788400004F075 /* Polaris2Tests.h */,
				574F23A3177788400004F075 /* Polaris2Tests.m */,
				574F239D177788400004F075 /* Supporting Files */,
			);
			path = Polaris2Tests;
			sourceTree = "<group>";
		};
		574F239D177788400004F075 /* Supporting Files */ = {
			isa = PBXGroup;
			children = (
				574F239E177788400004F075 /* Polaris2Tests-Info.plist */,
				574F239F177788400004F075 /* InfoPlist.strings */,
			);
			name = "Supporting Files";
			sourceTree = "<group>";
		};
		574F23B417779B820004F075 /* Data */ = {
			isa = PBXGroup;
			children = (
				574F23BE1777A93D0004F075 /* PLVector.h */,
				574F23BF1777A93D0004F075 /* PLVector.m */,
				574F23C11777AF5B0004F075 /* PLRay.h */,
				574F23C21777AF5B0004F075 /* PLRay.m */,
				574F23CC17784D8B0004F075 /* PLHit.h */,
				574F23CD17784D8B0004F075 /* PLHit.m */,
			);
			name = Data;
			sourceTree = "<group>";
		};
		574F23BA1777A5AA0004F075 /* Scene */ = {
			isa = PBXGroup;
			children = (
				574F23C417784C140004F075 /* Geometry */,
				574F23C517784C240004F075 /* PLScene.h */,
				574F23C617784C240004F075 /* PLScene.m */,
				574F23CF177859FB0004F075 /* PLCamera.h */,
				574F23D0177859FB0004F075 /* PLCamera.m */,
			);
			name = Scene;
			sourceTree = "<group>";
		};
		574F23C417784C140004F075 /* Geometry */ = {
			isa = PBXGroup;
			children = (
				574F23BB1777A5BC0004F075 /* PLSphere.h */,
				574F23BC1777A5BC0004F075 /* PLSphere.m */,
				574F23CB17784D110004F075 /* PLGeometry.h */,
			);
			name = Geometry;
			sourceTree = "<group>";
		};
/* End PBXGroup section */

/* Begin PBXNativeTarget section */
		574F2375177788400004F075 /* Polaris2 */ = {
			isa = PBXNativeTarget;
			buildConfigurationList = 574F23A7177788400004F075 /* Build configuration list for PBXNativeTarget "Polaris2" */;
			buildPhases = (
				574F2372177788400004F075 /* Sources */,
				574F2373177788400004F075 /* Frameworks */,
				574F2374177788400004F075 /* Resources */,
			);
			buildRules = (
			);
			dependencies = (
			);
			name = Polaris2;
			productName = Polaris2;
			productReference = 574F2376177788400004F075 /* Polaris2.app */;
			productType = "com.apple.product-type.application";
		};
		574F2395177788400004F075 /* Polaris2Tests */ = {
			isa = PBXNativeTarget;
			buildConfigurationList = 574F23AA177788400004F075 /* Build configuration list for PBXNativeTarget "Polaris2Tests" */;
			buildPhases = (
				574F2391177788400004F075 /* Sources */,
				574F2392177788400004F075 /* Frameworks */,
				574F2393177788400004F075 /* Resources */,
				574F2394177788400004F075 /* ShellScript */,
			);
			buildRules = (
			);
			dependencies = (
				574F239B177788400004F075 /* PBXTargetDependency */,
			);
			name = Polaris2Tests;
			productName = Polaris2Tests;
			productReference = 574F2396177788400004F075 /* Polaris2Tests.octest */;
			productType = "com.apple.product-type.bundle";
		};
/* End PBXNativeTarget section */

/* Begin PBXProject section */
		574F236E177788400004F075 /* Project object */ = {
			isa = PBXProject;
			attributes = {
				CLASSPREFIX = PL;
				LastUpgradeCheck = 0460;
				ORGANIZATIONNAME = "Victor Jacobs";
			};
			buildConfigurationList = 574F2371177788400004F075 /* Build configuration list for PBXProject "Polaris2" */;
			compatibilityVersion = "Xcode 3.2";
			developmentRegion = English;
			hasScannedForEncodings = 0;
			knownRegions = (
				en,
			);
			mainGroup = 574F236D177788400004F075;
			productRefGroup = 574F2377177788400004F075 /* Products */;
			projectDirPath = "";
			projectRoot = "";
			targets = (
				574F2375177788400004F075 /* Polaris2 */,
				574F2395177788400004F075 /* Polaris2Tests */,
			);
		};
/* End PBXProject section */

/* Begin PBXResourcesBuildPhase section */
		574F2374177788400004F075 /* Resources */ = {
			isa = PBXResourcesBuildPhase;
			buildActionMask = 2147483647;
			files = (
				574F2384177788400004F075 /* InfoPlist.strings in Resources */,
				574F238A177788400004F075 /* Credits.rtf in Resources */,
				574F2390177788400004F075 /* MainMenu.xib in Resources */,
			);
			runOnlyForDeploymentPostprocessing = 0;
		};
		574F2393177788400004F075 /* Resources */ = {
			isa = PBXResourcesBuildPhase;
			buildActionMask = 2147483647;
			files = (
				574F23A1177788400004F075 /* InfoPlist.strings in Resources */,
			);
			runOnlyForDeploymentPostprocessing = 0;
		};
/* End PBXResourcesBuildPhase section */

/* Begin PBXShellScriptBuildPhase section */
		574F2394177788400004F075 /* ShellScript */ = {
			isa = PBXShellScriptBuildPhase;
			buildActionMask = 2147483647;
			files = (
			);
			inputPaths = (
			);
			outputPaths = (
			);
			runOnlyForDeploymentPostprocessing = 0;
			shellPath = /bin/sh;
			shellScript = "# Run the unit tests in this test bundle.\n\"${SYSTEM_DEVELOPER_DIR}/Tools/RunUnitTests\"\n";
		};
/* End PBXShellScriptBuildPhase section */

/* Begin PBXSourcesBuildPhase section */
		574F2372177788400004F075 /* Sources */ = {
			isa = PBXSourcesBuildPhase;
			buildActionMask = 2147483647;
			files = (
				574F2386177788400004F075 /* main.m in Sources */,
				574F238D177788400004F075 /* PLAppDelegate.m in Sources */,
				574F23BD1777A5BC0004F075 /* PLSphere.m in Sources */,
				574F23C01777A93D0004F075 /* PLVector.m in Sources */,
				574F23C31777AF5B0004F075 /* PLRay.m in Sources */,
				574F23C717784C240004F075 /* PLScene.m in Sources */,
				574F23CE17784D8B0004F075 /* PLHit.m in Sources */,
				574F23D1177859FB0004F075 /* PLCamera.m in Sources */,
			);
			runOnlyForDeploymentPostprocessing = 0;
		};
		574F2391177788400004F075 /* Sources */ = {
			isa = PBXSourcesBuildPhase;
			buildActionMask = 2147483647;
			files = (
				574F23A4177788400004F075 /* Polaris2Tests.m in Sources */,
			);
			runOnlyForDeploymentPostprocessing = 0;
		};
/* End PBXSourcesBuildPhase section */

/* Begin PBXTargetDependency section */
		574F239B177788400004F075 /* PBXTargetDependency */ = {
			isa = PBXTargetDependency;
			target = 574F2375177788400004F075 /* Polaris2 */;
			targetProxy = 574F239A177788400004F075 /* PBXContainerItemProxy */;
		};
/* End PBXTargetDependency section */

/* Begin PBXVariantGroup section */
		574F2382177788400004F075 /* InfoPlist.strings */ = {
			isa = PBXVariantGroup;
			children = (
				574F2383177788400004F075 /* en */,
			);
			name = InfoPlist.strings;
			sourceTree = "<group>";
		};
		574F2388177788400004F075 /* Credits.rtf */ = {
			isa = PBXVariantGroup;
			children = (
				574F2389177788400004F075 /* en */,
			);
			name = Credits.rtf;
			sourceTree = "<group>";
		};
		574F238E177788400004F075 /* MainMenu.xib */ = {
			isa = PBXVariantGroup;
			children = (
				574F238F177788400004F075 /* en */,
			);
			name = MainMenu.xib;
			sourceTree = "<group>";
		};
		574F239F177788400004F075 /* InfoPlist.strings */ = {
			isa = PBXVariantGroup;
			children = (
				574F23A0177788400004F075 /* en */,
			);
			name = InfoPlist.strings;
			sourceTree = "<group>";
		};
/* End PBXVariantGroup section */

/* Begin XCBuildConfiguration section */
		574F23A5177788400004F075 /* Debug */ = {
			isa = XCBuildConfiguration;
			buildSettings = {
				ALWAYS_SEARCH_USER_PATHS = NO;
				ARCHS = "$(ARCHS_STANDARD_64_BIT)";
				CLANG_CXX_LANGUAGE_STANDARD = "gnu++0x";
				CLANG_CXX_LIBRARY = "libc++";
				CLANG_ENABLE_OBJC_ARC = YES;
				CLANG_WARN_CONSTANT_CONVERSION = YES;
				CLANG_WARN_EMPTY_BODY = YES;
				CLANG_WARN_ENUM_CONVERSION = YES;
				CLANG_WARN_INT_CONVERSION = YES;
				CLANG_WARN__DUPLICATE_METHOD_MATCH = YES;
				COPY_PHASE_STRIP = NO;
				GCC_C_LANGUAGE_STANDARD = gnu99;
				GCC_DYNAMIC_NO_PIC = NO;
				GCC_ENABLE_OBJC_EXCEPTIONS = YES;
				GCC_OPTIMIZATION_LEVEL = 0;
				GCC_PREPROCESSOR_DEFINITIONS = (
					"DEBUG=1",
					"$(inherited)",
				);
				GCC_SYMBOLS_PRIVATE_EXTERN = NO;
				GCC_WARN_64_TO_32_BIT_CONVERSION = YES;
				GCC_WARN_ABOUT_RETURN_TYPE = YES;
				GCC_WARN_UNINITIALIZED_AUTOS = YES;
				GCC_WARN_UNUSED_VARIABLE = YES;
				MACOSX_DEPLOYMENT_TARGET = 10.8;
				ONLY_ACTIVE_ARCH = YES;
				SDKROOT = macosx;
			};
			name = Debug;
		};
		574F23A6177788400004F075 /* Release */ = {
			isa = XCBuildConfiguration;
			buildSettings = {
				ALWAYS_SEARCH_USER_PATHS = NO;
				ARCHS = "$(ARCHS_STANDARD_64_BIT)";
				CLANG_CXX_LANGUAGE_STANDARD = "gnu++0x";
				CLANG_CXX_LIBRARY = "libc++";
				CLANG_ENABLE_OBJC_ARC = YES;
				CLANG_WARN_CONSTANT_CONVERSION = YES;
				CLANG_WARN_EMPTY_BODY = YES;
				CLANG_WARN_ENUM_CONVERSION = YES;
				CLANG_WARN_INT_CONVERSION = YES;
				CLANG_WARN__DUPLICATE_METHOD_MATCH = YES;
				COPY_PHASE_STRIP = YES;
				DEBUG_INFORMATION_FORMAT = "dwarf-with-dsym";
				GCC_C_LANGUAGE_STANDARD = gnu99;
				GCC_ENABLE_OBJC_EXCEPTIONS = YES;
				GCC_WARN_64_TO_32_BIT_CONVERSION = YES;
				GCC_WARN_ABOUT_RETURN_TYPE = YES;
				GCC_WARN_UNINITIALIZED_AUTOS = YES;
				GCC_WARN_UNUSED_VARIABLE = YES;
				MACOSX_DEPLOYMENT_TARGET = 10.8;
				SDKROOT = macosx;
			};
			name = Release;
		};
		574F23A8177788400004F075 /* Debug */ = {
			isa = XCBuildConfiguration;
			buildSettings = {
				COMBINE_HIDPI_IMAGES = YES;
				GCC_PRECOMPILE_PREFIX_HEADER = YES;
				GCC_PREFIX_HEADER = "Polaris2/Polaris2-Prefix.pch";
				INFOPLIST_FILE = "Polaris2/Polaris2-Info.plist";
				PRODUCT_NAME = "$(TARGET_NAME)";
				WRAPPER_EXTENSION = app;
			};
			name = Debug;
		};
		574F23A9177788400004F075 /* Release */ = {
			isa = XCBuildConfiguration;
			buildSettings = {
				COMBINE_HIDPI_IMAGES = YES;
				GCC_PRECOMPILE_PREFIX_HEADER = YES;
				GCC_PREFIX_HEADER = "Polaris2/Polaris2-Prefix.pch";
				INFOPLIST_FILE = "Polaris2/Polaris2-Info.plist";
				PRODUCT_NAME = "$(TARGET_NAME)";
				WRAPPER_EXTENSION = app;
			};
			name = Release;
		};
		574F23AB177788400004F075 /* Debug */ = {
			isa = XCBuildConfiguration;
			buildSettings = {
				BUNDLE_LOADER = "$(BUILT_PRODUCTS_DIR)/Polaris2.app/Contents/MacOS/Polaris2";
				COMBINE_HIDPI_IMAGES = YES;
				FRAMEWORK_SEARCH_PATHS = "\"$(DEVELOPER_LIBRARY_DIR)/Frameworks\"";
				GCC_PRECOMPILE_PREFIX_HEADER = YES;
				GCC_PREFIX_HEADER = "Polaris2/Polaris2-Prefix.pch";
				INFOPLIST_FILE = "Polaris2Tests/Polaris2Tests-Info.plist";
				PRODUCT_NAME = "$(TARGET_NAME)";
				TEST_HOST = "$(BUNDLE_LOADER)";
				WRAPPER_EXTENSION = octest;
			};
			name = Debug;
		};
		574F23AC177788400004F075 /* Release */ = {
			isa = XCBuildConfiguration;
			buildSettings = {
				BUNDLE_LOADER = "$(BUILT_PRODUCTS_DIR)/Polaris2.app/Contents/MacOS/Polaris2";
				COMBINE_HIDPI_IMAGES = YES;
				FRAMEWORK_SEARCH_PATHS = "\"$(DEVELOPER_LIBRARY_DIR)/Frameworks\"";
				GCC_PRECOMPILE_PREFIX_HEADER = YES;
				GCC_PREFIX_HEADER = "Polaris2/Polaris2-Prefix.pch";
				INFOPLIST_FILE = "Polaris2Tests/Polaris2Tests-Info.plist";
				PRODUCT_NAME = "$(TARGET_NAME)";
				TEST_HOST = "$(BUNDLE_LOADER)";
				WRAPPER_EXTENSION = octest;
			};
			name = Release;
		};
/* End XCBuildConfiguration section */

/* Begin XCConfigurationList section */
		574F2371177788400004F075 /* Build configuration list for PBXProject "Polaris2" */ = {
			isa = XCConfigurationList;
			buildConfigurations = (
				574F23A5177788400004F075 /* Debug */,
				574F23A6177788400004F075 /* Release */,
			);
			defaultConfigurationIsVisible = 0;
			defaultConfigurationName = Release;
		};
		574F23A7177788400004F075 /* Build configuration list for PBXNativeTarget "Polaris2" */ = {
			isa = XCConfigurationList;
			buildConfigurations = (
				574F23A8177788400004F075 /* Debug */,
				574F23A9177788400004F075 /* Release */,
			);
			defaultConfigurationIsVisible = 0;
		};
		574F23AA177788400004F075 /* Build configuration list for PBXNativeTarget "Polaris2Tests" */ = {
			isa = XCConfigurationList;
			buildConfigurations = (
				574F23AB177788400004F075 /* Debug */,
				574F23AC177788400004F075 /* Release */,
			);
			defaultConfigurationIsVisible = 0;
		};
/* End XCConfigurationList section */
	};
	rootObject = 574F236E177788400004F075 /* Project object */;
}
